# THIS IS AN AUTOGENERATED FILE. DO NOT EDIT THIS FILE DIRECTLY.
# yarn lockfile v1


"@prisma/client@^3.4.2":
  version "3.4.2"
  resolved "https://registry.yarnpkg.com/@prisma/client/-/client-3.4.2.tgz#36b8da0d788e4f5dc7c4a5e83a9f83b0e2bfbb1a"
  integrity sha512-HyQGq9m1V99zpNSJ/FojZJnvzqWUd18ErIXwxLzSuurS23XlhHEPtxgpxJaegBmjsr/KCYqcXFOPmM1gRLpI0w==
  dependencies:
    "@prisma/engines-version" "3.4.1-2.57771c0558568c7d08bd34c7248af5244ae16bd9"

"@prisma/engines-version@3.4.1-2.57771c0558568c7d08bd34c7248af5244ae16bd9":
  version "3.4.1-2.57771c0558568c7d08bd34c7248af5244ae16bd9"
  resolved "https://registry.yarnpkg.com/@prisma/engines-version/-/engines-version-3.4.1-2.57771c0558568c7d08bd34c7248af5244ae16bd9.tgz#ad922c461baea416ec26ad33a144c70ae7e997d4"
  integrity sha512-H8bnBT5jLap+0nULBAGjf+xb5XNn4d60U4J9cck+UanyEkeMS3aYCeHvNiQl46XwvN60jkUX8BwV3NOEmPh0SQ==

"@prisma/engines@3.4.1-2.57771c0558568c7d08bd34c7248af5244ae16bd9":
  version "3.4.1-2.57771c0558568c7d08bd34c7248af5244ae16bd9"
  resolved "https://registry.yarnpkg.com/@prisma/engines/-/engines-3.4.1-2.57771c0558568c7d08bd34c7248af5244ae16bd9.tgz#8e5534bfe255210c29b5181f694c9acd32d558c2"
  integrity sha512-NO4Q88k3CfUpYzfpDD+0wSVCqhaeljCFAGSe1XyvmXAOlMU2AAjCwmRn6S4UXlT9yEGB/LwFjdvGjcgfUQ+Mtw==

prisma@^3.4.2:
  version "3.4.2"
  resolved "https://registry.yarnpkg.com/prisma/-/prisma-3.4.2.tgz#d09e983f30fed579ddb1bb60adb369db732e3de5"
  integrity sha512-wOD1lni7MfH/Qkp5SAkUthLKG+pQcpD31Nm8nAKj9ESgqId/dy+JDSTYOuk/pySvFyby/A+bsAPWIaVmo7qqhQ==
  dependencies:
    "@prisma/engines" "3.4.1-2.57771c0558568c7d08bd34c7248af5244ae16bd9"
